<Solution>
  <Project Path="AssetTrackWebProj.Data/AssetTrackWebProj.Data.csproj" />
  <Project Path="AssetTrackWebProj.Services/AssetTrackWebProj.Services.csproj" />
  <Project Path="AssetTrackWebProj.Tests/AssetTrackWebProj.Tests.csproj" />
  <Project Path="AssetTrackWebProj/AssetTrackWebProj.Web.csproj" />
</Solution>
